
Microsoft Visual Studio Solution File, Format Version 12.00
# Visual Studio 2012
Project("{FAE04EC0-301F-11D3-BF4B-00C04F79EFBC}") = "NFB2TEntity", "NFB2TEntity\NFB2TEntity.csproj", "{9CC2FF89-4B57-4D41-A744-525D7C7A7E72}"
EndProject
Project("{FAE04EC0-301F-11D3-BF4B-00C04F79EFBC}") = "Helpers", "Helpers\Helpers.csproj", "{6A1D149A-0975-475E-B140-E63E90A23994}"
EndProject
Global
	GlobalSection(SolutionConfigurationPlatforms) = preSolution
		Debug|Any CPU = Debug|Any CPU
		Release|Any CPU = Release|Any CPU
	EndGlobalSection
	GlobalSection(ProjectConfigurationPlatforms) = postSolution
		{9CC2FF89-4B57-4D41-A744-525D7C7A7E72}.Debug|Any CPU.ActiveCfg = Debug|Any CPU
		{9CC2FF89-4B57-4D41-A744-525D7C7A7E72}.Debug|Any CPU.Build.0 = Debug|Any CPU
		{9CC2FF89-4B57-4D41-A744-525D7C7A7E72}.Release|Any CPU.ActiveCfg = Release|Any CPU
		{9CC2FF89-4B57-4D41-A744-525D7C7A7E72}.Release|Any CPU.Build.0 = Release|Any CPU
		{6A1D149A-0975-475E-B140-E63E90A23994}.Debug|Any CPU.ActiveCfg = Debug|Any CPU
		{6A1D149A-0975-475E-B140-E63E90A23994}.Debug|Any CPU.Build.0 = Debug|Any CPU
		{6A1D149A-0975-475E-B140-E63E90A23994}.Release|Any CPU.ActiveCfg = Release|Any CPU
		{6A1D149A-0975-475E-B140-E63E90A23994}.Release|Any CPU.Build.0 = Release|Any CPU
	EndGlobalSection
	GlobalSection(SolutionProperties) = preSolution
		HideSolutionNode = FALSE
	EndGlobalSection
EndGlobal
